// !$*UTF8*$!
{
	archiveVersion = 1;
	classes = {
	};
	objectVersion = 56;
	objects = {

/* Begin PBXBuildFile section */
		326076F52C46CE50004C5868 /* CircleOfFifthsApp.swift in Sources */ = {isa = PBXBuildFile; fileRef = 326076F42C46CE50004C5868 /* CircleOfFifthsApp.swift */; };
		326076F72C46CE50004C5868 /* ContentView.swift in Sources */ = {isa = PBXBuildFile; fileRef = 326076F62C46CE50004C5868 /* ContentView.swift */; };
		326076F92C46CE51004C5868 /* Assets.xcassets in Resources */ = {isa = PBXBuildFile; fileRef = 326076F82C46CE51004C5868 /* Assets.xcassets */; };
		326076FC2C46CE51004C5868 /* Preview Assets.xcassets in Resources */ = {isa = PBXBuildFile; fileRef = 326076FB2C46CE51004C5868 /* Preview Assets.xcassets */; };
		326077032C46D2E7004C5868 /* SectorView.swift in Sources */ = {isa = PBXBuildFile; fileRef = 326077022C46D2E7004C5868 /* SectorView.swift */; };
		326077062C46D3AC004C5868 /* AudioKit in Frameworks */ = {isa = PBXBuildFile; productRef = 326077052C46D3AC004C5868 /* AudioKit */; };
		326077082C46D40D004C5868 /* RLNDGM.DLS in Resources */ = {isa = PBXBuildFile; fileRef = 326077072C46D40D004C5868 /* RLNDGM.DLS */; };
		3260770A2C46D43A004C5868 /* C.mid in Resources */ = {isa = PBXBuildFile; fileRef = 326077092C46D43A004C5868 /* C.mid */; };
		32A04BEB2CC2CB8C005BEF70 /* Db.mid in Resources */ = {isa = PBXBuildFile; fileRef = 32A04BEA2CC2CB8C005BEF70 /* Db.mid */; };
		32A04BF02CC2CC0B005BEF70 /* Eb.mid in Resources */ = {isa = PBXBuildFile; fileRef = 32A04BEC2CC2CC0B005BEF70 /* Eb.mid */; };
		32A04BF12CC2CC0B005BEF70 /* E.mid in Resources */ = {isa = PBXBuildFile; fileRef = 32A04BED2CC2CC0B005BEF70 /* E.mid */; };
		32A04BF32CC2CC0B005BEF70 /* D.mid in Resources */ = {isa = PBXBuildFile; fileRef = 32A04BEF2CC2CC0B005BEF70 /* D.mid */; };
		32A04BFC2CC2CD17005BEF70 /* A.mid in Resources */ = {isa = PBXBuildFile; fileRef = 32A04BF62CC2CD17005BEF70 /* A.mid */; };
		32A04C012CC2CD89005BEF70 /* Cm.mid in Resources */ = {isa = PBXBuildFile; fileRef = 32A04C002CC2CD89005BEF70 /* Cm.mid */; };
		32A04C182CC2CF26005BEF70 /* Ab.mid in Resources */ = {isa = PBXBuildFile; fileRef = 32A04C022CC2CF26005BEF70 /* Ab.mid */; };
		32A04C192CC2CF26005BEF70 /* F.mid in Resources */ = {isa = PBXBuildFile; fileRef = 32A04C032CC2CF26005BEF70 /* F.mid */; };
		32A04C1B2CC2CF26005BEF70 /* Am.mid in Resources */ = {isa = PBXBuildFile; fileRef = 32A04C052CC2CF26005BEF70 /* Am.mid */; };
		32A04C1C2CC2CF26005BEF70 /* Gb.mid in Resources */ = {isa = PBXBuildFile; fileRef = 32A04C062CC2CF26005BEF70 /* Gb.mid */; };
		32A04C1D2CC2CF26005BEF70 /* F#m.mid in Resources */ = {isa = PBXBuildFile; fileRef = 32A04C072CC2CF26005BEF70 /* F#m.mid */; };
		32A04C1F2CC2CF26005BEF70 /* Bm.mid in Resources */ = {isa = PBXBuildFile; fileRef = 32A04C092CC2CF26005BEF70 /* Bm.mid */; };
		32A04C212CC2CF26005BEF70 /* G.mid in Resources */ = {isa = PBXBuildFile; fileRef = 32A04C0B2CC2CF26005BEF70 /* G.mid */; };
		32A04C222CC2CF26005BEF70 /* G#m.mid in Resources */ = {isa = PBXBuildFile; fileRef = 32A04C0C2CC2CF26005BEF70 /* G#m.mid */; };
		32A04C232CC2CF26005BEF70 /* C#m.mid in Resources */ = {isa = PBXBuildFile; fileRef = 32A04C0D2CC2CF26005BEF70 /* C#m.mid */; };
		32A04C242CC2CF26005BEF70 /* B.mid in Resources */ = {isa = PBXBuildFile; fileRef = 32A04C0E2CC2CF26005BEF70 /* B.mid */; };
		32A04C252CC2CF26005BEF70 /* Bbm.mid in Resources */ = {isa = PBXBuildFile; fileRef = 32A04C0F2CC2CF26005BEF70 /* Bbm.mid */; };
		32A04C272CC2CF26005BEF70 /* Bb.mid in Resources */ = {isa = PBXBuildFile; fileRef = 32A04C112CC2CF26005BEF70 /* Bb.mid */; };
		32A04C282CC2CF26005BEF70 /* Ebm.mid in Resources */ = {isa = PBXBuildFile; fileRef = 32A04C122CC2CF26005BEF70 /* Ebm.mid */; };
		32A04C292CC2CF26005BEF70 /* Fm.mid in Resources */ = {isa = PBXBuildFile; fileRef = 32A04C132CC2CF26005BEF70 /* Fm.mid */; };
		32A04C2A2CC2CF26005BEF70 /* Em.mid in Resources */ = {isa = PBXBuildFile; fileRef = 32A04C142CC2CF26005BEF70 /* Em.mid */; };
		32A04C2B2CC2CF26005BEF70 /* Gm.mid in Resources */ = {isa = PBXBuildFile; fileRef = 32A04C152CC2CF26005BEF70 /* Gm.mid */; };
		32A04C2D2CC2CF26005BEF70 /* Dm.mid in Resources */ = {isa = PBXBuildFile; fileRef = 32A04C172CC2CF26005BEF70 /* Dm.mid */; };
/* End PBXBuildFile section */

/* Begin PBXFileReference section */
		326076F12C46CE50004C5868 /* CircleOfFifths.app */ = {isa = PBXFileReference; explicitFileType = wrapper.application; includeInIndex = 0; path = CircleOfFifths.app; sourceTree = BUILT_PRODUCTS_DIR; };
		326076F42C46CE50004C5868 /* CircleOfFifthsApp.swift */ = {isa = PBXFileReference; lastKnownFileType = sourcecode.swift; path = CircleOfFifthsApp.swift; sourceTree = "<group>"; };
		326076F62C46CE50004C5868 /* ContentView.swift */ = {isa = PBXFileReference; lastKnownFileType = sourcecode.swift; path = ContentView.swift; sourceTree = "<group>"; };
		326076F82C46CE51004C5868 /* Assets.xcassets */ = {isa = PBXFileReference; lastKnownFileType = folder.assetcatalog; path = Assets.xcassets; sourceTree = "<group>"; };
		326076FB2C46CE51004C5868 /* Preview Assets.xcassets */ = {isa = PBXFileReference; lastKnownFileType = folder.assetcatalog; path = "Preview Assets.xcassets"; sourceTree = "<group>"; };
		326077022C46D2E7004C5868 /* SectorView.swift */ = {isa = PBXFileReference; lastKnownFileType = sourcecode.swift; path = SectorView.swift; sourceTree = "<group>"; };
		326077072C46D40D004C5868 /* RLNDGM.DLS */ = {isa = PBXFileReference; lastKnownFileType = file; path = RLNDGM.DLS; sourceTree = "<group>"; };
		326077092C46D43A004C5868 /* C.mid */ = {isa = PBXFileReference; lastKnownFileType = audio.midi; path = C.mid; sourceTree = "<group>"; };
		32A04BEA2CC2CB8C005BEF70 /* Db.mid */ = {isa = PBXFileReference; lastKnownFileType = audio.midi; path = Db.mid; sourceTree = "<group>"; };
		32A04BEC2CC2CC0B005BEF70 /* Eb.mid */ = {isa = PBXFileReference; lastKnownFileType = audio.midi; path = Eb.mid; sourceTree = "<group>"; };
		32A04BED2CC2CC0B005BEF70 /* E.mid */ = {isa = PBXFileReference; lastKnownFileType = audio.midi; path = E.mid; sourceTree = "<group>"; };
		32A04BEF2CC2CC0B005BEF70 /* D.mid */ = {isa = PBXFileReference; lastKnownFileType = audio.midi; path = D.mid; sourceTree = "<group>"; };
		32A04BF62CC2CD17005BEF70 /* A.mid */ = {isa = PBXFileReference; lastKnownFileType = audio.midi; path = A.mid; sourceTree = "<group>"; };
		32A04C002CC2CD89005BEF70 /* Cm.mid */ = {isa = PBXFileReference; lastKnownFileType = audio.midi; path = Cm.mid; sourceTree = "<group>"; };
		32A04C022CC2CF26005BEF70 /* Ab.mid */ = {isa = PBXFileReference; lastKnownFileType = audio.midi; name = Ab.mid; path = ../../../../chords/Ab.mid; sourceTree = "<group>"; };
		32A04C032CC2CF26005BEF70 /* F.mid */ = {isa = PBXFileReference; lastKnownFileType = audio.midi; name = F.mid; path = ../../../../chords/F.mid; sourceTree = "<group>"; };
		32A04C052CC2CF26005BEF70 /* Am.mid */ = {isa = PBXFileReference; lastKnownFileType = audio.midi; path = Am.mid; sourceTree = "<group>"; };
		32A04C062CC2CF26005BEF70 /* Gb.mid */ = {isa = PBXFileReference; lastKnownFileType = audio.midi; name = Gb.mid; path = ../../../../chords/Gb.mid; sourceTree = "<group>"; };
		32A04C072CC2CF26005BEF70 /* F#m.mid */ = {isa = PBXFileReference; lastKnownFileType = audio.midi; path = "F#m.mid"; sourceTree = "<group>"; };
		32A04C092CC2CF26005BEF70 /* Bm.mid */ = {isa = PBXFileReference; lastKnownFileType = audio.midi; path = Bm.mid; sourceTree = "<group>"; };
		32A04C0B2CC2CF26005BEF70 /* G.mid */ = {isa = PBXFileReference; lastKnownFileType = audio.midi; name = G.mid; path = ../../../../chords/G.mid; sourceTree = "<group>"; };
		32A04C0C2CC2CF26005BEF70 /* G#m.mid */ = {isa = PBXFileReference; lastKnownFileType = audio.midi; path = "G#m.mid"; sourceTree = "<group>"; };
		32A04C0D2CC2CF26005BEF70 /* C#m.mid */ = {isa = PBXFileReference; lastKnownFileType = audio.midi; path = "C#m.mid"; sourceTree = "<group>"; };
		32A04C0E2CC2CF26005BEF70 /* B.mid */ = {isa = PBXFileReference; lastKnownFileType = audio.midi; name = B.mid; path = ../../../../chords/B.mid; sourceTree = "<group>"; };
		32A04C0F2CC2CF26005BEF70 /* Bbm.mid */ = {isa = PBXFileReference; lastKnownFileType = audio.midi; path = Bbm.mid; sourceTree = "<group>"; };
		32A04C112CC2CF26005BEF70 /* Bb.mid */ = {isa = PBXFileReference; lastKnownFileType = audio.midi; name = Bb.mid; path = ../../../../chords/Bb.mid; sourceTree = "<group>"; };
		32A04C122CC2CF26005BEF70 /* Ebm.mid */ = {isa = PBXFileReference; lastKnownFileType = audio.midi; path = Ebm.mid; sourceTree = "<group>"; };
		32A04C132CC2CF26005BEF70 /* Fm.mid */ = {isa = PBXFileReference; lastKnownFileType = audio.midi; path = Fm.mid; sourceTree = "<group>"; };
		32A04C142CC2CF26005BEF70 /* Em.mid */ = {isa = PBXFileReference; lastKnownFileType = audio.midi; path = Em.mid; sourceTree = "<group>"; };
		32A04C152CC2CF26005BEF70 /* Gm.mid */ = {isa = PBXFileReference; lastKnownFileType = audio.midi; path = Gm.mid; sourceTree = "<group>"; };
		32A04C172CC2CF26005BEF70 /* Dm.mid */ = {isa = PBXFileReference; lastKnownFileType = audio.midi; path = Dm.mid; sourceTree = "<group>"; };
/* End PBXFileReference section */

/* Begin PBXFrameworksBuildPhase section */
		326076EE2C46CE50004C5868 /* Frameworks */ = {
			isa = PBXFrameworksBuildPhase;
			buildActionMask = 2147483647;
			files = (
				326077062C46D3AC004C5868 /* AudioKit in Frameworks */,
			);
			runOnlyForDeploymentPostprocessing = 0;
		};
/* End PBXFrameworksBuildPhase section */

/* Begin PBXGroup section */
		326076E82C46CE50004C5868 = {
			isa = PBXGroup;
			children = (
				326076F32C46CE50004C5868 /* CircleOfFifths */,
				326076F22C46CE50004C5868 /* Products */,
			);
			sourceTree = "<group>";
		};
		326076F22C46CE50004C5868 /* Products */ = {
			isa = PBXGroup;
			children = (
				326076F12C46CE50004C5868 /* CircleOfFifths.app */,
			);
			name = Products;
			sourceTree = "<group>";
		};
		326076F32C46CE50004C5868 /* CircleOfFifths */ = {
			isa = PBXGroup;
			children = (
				32A04BE72CC2C594005BEF70 /* Chords */,
				326076F42C46CE50004C5868 /* CircleOfFifthsApp.swift */,
				326076F62C46CE50004C5868 /* ContentView.swift */,
				326077022C46D2E7004C5868 /* SectorView.swift */,
				326076F82C46CE51004C5868 /* Assets.xcassets */,
				326077072C46D40D004C5868 /* RLNDGM.DLS */,
				326076FA2C46CE51004C5868 /* Preview Content */,
			);
			path = CircleOfFifths;
			sourceTree = "<group>";
		};
		326076FA2C46CE51004C5868 /* Preview Content */ = {
			isa = PBXGroup;
			children = (
				326076FB2C46CE51004C5868 /* Preview Assets.xcassets */,
			);
			path = "Preview Content";
			sourceTree = "<group>";
		};
		32A04BE72CC2C594005BEF70 /* Chords */ = {
			isa = PBXGroup;
			children = (
				326077092C46D43A004C5868 /* C.mid */,
				32A04C002CC2CD89005BEF70 /* Cm.mid */,
				32A04C0D2CC2CF26005BEF70 /* C#m.mid */,
				32A04BEF2CC2CC0B005BEF70 /* D.mid */,
				32A04BEA2CC2CB8C005BEF70 /* Db.mid */,
				32A04C172CC2CF26005BEF70 /* Dm.mid */,
				32A04BED2CC2CC0B005BEF70 /* E.mid */,
				32A04BEC2CC2CC0B005BEF70 /* Eb.mid */,
				32A04C142CC2CF26005BEF70 /* Em.mid */,
				32A04C122CC2CF26005BEF70 /* Ebm.mid */,
				32A04C032CC2CF26005BEF70 /* F.mid */,
				32A04C132CC2CF26005BEF70 /* Fm.mid */,
				32A04C072CC2CF26005BEF70 /* F#m.mid */,
				32A04C0B2CC2CF26005BEF70 /* G.mid */,
				32A04C062CC2CF26005BEF70 /* Gb.mid */,
				32A04C152CC2CF26005BEF70 /* Gm.mid */,
				32A04C0C2CC2CF26005BEF70 /* G#m.mid */,
				32A04BF62CC2CD17005BEF70 /* A.mid */,
				32A04C052CC2CF26005BEF70 /* Am.mid */,
				32A04C022CC2CF26005BEF70 /* Ab.mid */,
				32A04C0E2CC2CF26005BEF70 /* B.mid */,
				32A04C112CC2CF26005BEF70 /* Bb.mid */,
				32A04C092CC2CF26005BEF70 /* Bm.mid */,
				32A04C0F2CC2CF26005BEF70 /* Bbm.mid */,
			);
			path = Chords;
			sourceTree = "<group>";
		};
/* End PBXGroup section */

/* Begin PBXNativeTarget section */
		326076F02C46CE50004C5868 /* CircleOfFifths */ = {
			isa = PBXNativeTarget;
			buildConfigurationList = 326076FF2C46CE51004C5868 /* Build configuration list for PBXNativeTarget "CircleOfFifths" */;
			buildPhases = (
				326076ED2C46CE50004C5868 /* Sources */,
				326076EE2C46CE50004C5868 /* Frameworks */,
				326076EF2C46CE50004C5868 /* Resources */,
			);
			buildRules = (
			);
			dependencies = (
			);
			name = CircleOfFifths;
			packageProductDependencies = (
				326077052C46D3AC004C5868 /* AudioKit */,
			);
			productName = CircleOfFifths;
			productReference = 326076F12C46CE50004C5868 /* CircleOfFifths.app */;
			productType = "com.apple.product-type.application";
		};
/* End PBXNativeTarget section */

/* Begin PBXProject section */
		326076E92C46CE50004C5868 /* Project object */ = {
			isa = PBXProject;
			attributes = {
				BuildIndependentTargetsInParallel = 1;
				LastSwiftUpdateCheck = 1500;
				LastUpgradeCheck = 1500;
				TargetAttributes = {
					326076F02C46CE50004C5868 = {
						CreatedOnToolsVersion = 15.0.1;
					};
				};
			};
			buildConfigurationList = 326076EC2C46CE50004C5868 /* Build configuration list for PBXProject "CircleOfFifths" */;
			compatibilityVersion = "Xcode 14.0";
			developmentRegion = en;
			hasScannedForEncodings = 0;
			knownRegions = (
				en,
				Base,
			);
			mainGroup = 326076E82C46CE50004C5868;
			packageReferences = (
				326077042C46D3AC004C5868 /* XCRemoteSwiftPackageReference "AudioKit" */,
			);
			productRefGroup = 326076F22C46CE50004C5868 /* Products */;
			projectDirPath = "";
			projectRoot = "";
			targets = (
				326076F02C46CE50004C5868 /* CircleOfFifths */,
			);
		};
/* End PBXProject section */

/* Begin PBXResourcesBuildPhase section */
		326076EF2C46CE50004C5868 /* Resources */ = {
			isa = PBXResourcesBuildPhase;
			buildActionMask = 2147483647;
			files = (
				32A04C1B2CC2CF26005BEF70 /* Am.mid in Resources */,
				32A04C2A2CC2CF26005BEF70 /* Em.mid in Resources */,
				32A04C2B2CC2CF26005BEF70 /* Gm.mid in Resources */,
				32A04C2D2CC2CF26005BEF70 /* Dm.mid in Resources */,
				32A04C182CC2CF26005BEF70 /* Ab.mid in Resources */,
				32A04C192CC2CF26005BEF70 /* F.mid in Resources */,
				32A04C1D2CC2CF26005BEF70 /* F#m.mid in Resources */,
				32A04BF32CC2CC0B005BEF70 /* D.mid in Resources */,
				32A04C1C2CC2CF26005BEF70 /* Gb.mid in Resources */,
				326076FC2C46CE51004C5868 /* Preview Assets.xcassets in Resources */,
				32A04C252CC2CF26005BEF70 /* Bbm.mid in Resources */,
				3260770A2C46D43A004C5868 /* C.mid in Resources */,
				326076F92C46CE51004C5868 /* Assets.xcassets in Resources */,
				32A04C1F2CC2CF26005BEF70 /* Bm.mid in Resources */,
				32A04BFC2CC2CD17005BEF70 /* A.mid in Resources */,
				32A04C282CC2CF26005BEF70 /* Ebm.mid in Resources */,
				32A04C272CC2CF26005BEF70 /* Bb.mid in Resources */,
				32A04C232CC2CF26005BEF70 /* C#m.mid in Resources */,
				32A04BF02CC2CC0B005BEF70 /* Eb.mid in Resources */,
				32A04BEB2CC2CB8C005BEF70 /* Db.mid in Resources */,
				32A04C242CC2CF26005BEF70 /* B.mid in Resources */,
				326077082C46D40D004C5868 /* RLNDGM.DLS in Resources */,
				32A04C012CC2CD89005BEF70 /* Cm.mid in Resources */,
				32A04C222CC2CF26005BEF70 /* G#m.mid in Resources */,
				32A04C292CC2CF26005BEF70 /* Fm.mid in Resources */,
				32A04C212CC2CF26005BEF70 /* G.mid in Resources */,
				32A04BF12CC2CC0B005BEF70 /* E.mid in Resources */,
			);
			runOnlyForDeploymentPostprocessing = 0;
		};
/* End PBXResourcesBuildPhase section */

/* Begin PBXSourcesBuildPhase section */
		326076ED2C46CE50004C5868 /* Sources */ = {
			isa = PBXSourcesBuildPhase;
			buildActionMask = 2147483647;
			files = (
				326077032C46D2E7004C5868 /* SectorView.swift in Sources */,
				326076F72C46CE50004C5868 /* ContentView.swift in Sources */,
				326076F52C46CE50004C5868 /* CircleOfFifthsApp.swift in Sources */,
			);
			runOnlyForDeploymentPostprocessing = 0;
		};
/* End PBXSourcesBuildPhase section */

/* Begin XCBuildConfiguration section */
		326076FD2C46CE51004C5868 /* Debug */ = {
			isa = XCBuildConfiguration;
			buildSettings = {
				ALWAYS_SEARCH_USER_PATHS = NO;
				ASSETCATALOG_COMPILER_GENERATE_SWIFT_ASSET_SYMBOL_EXTENSIONS = YES;
				CLANG_ANALYZER_NONNULL = YES;
				CLANG_ANALYZER_NUMBER_OBJECT_CONVERSION = YES_AGGRESSIVE;
				CLANG_CXX_LANGUAGE_STANDARD = "gnu++20";
				CLANG_ENABLE_MODULES = YES;
				CLANG_ENABLE_OBJC_ARC = YES;
				CLANG_ENABLE_OBJC_WEAK = YES;
				CLANG_WARN_BLOCK_CAPTURE_AUTORELEASING = YES;
				CLANG_WARN_BOOL_CONVERSION = YES;
				CLANG_WARN_COMMA = YES;
				CLANG_WARN_CONSTANT_CONVERSION = YES;
				CLANG_WARN_DEPRECATED_OBJC_IMPLEMENTATIONS = YES;
				CLANG_WARN_DIRECT_OBJC_ISA_USAGE = YES_ERROR;
				CLANG_WARN_DOCUMENTATION_COMMENTS = YES;
				CLANG_WARN_EMPTY_BODY = YES;
				CLANG_WARN_ENUM_CONVERSION = YES;
				CLANG_WARN_INFINITE_RECURSION = YES;
				CLANG_WARN_INT_CONVERSION = YES;
				CLANG_WARN_NON_LITERAL_NULL_CONVERSION = YES;
				CLANG_WARN_OBJC_IMPLICIT_RETAIN_SELF = YES;
				CLANG_WARN_OBJC_LITERAL_CONVERSION = YES;
				CLANG_WARN_OBJC_ROOT_CLASS = YES_ERROR;
				CLANG_WARN_QUOTED_INCLUDE_IN_FRAMEWORK_HEADER = YES;
				CLANG_WARN_RANGE_LOOP_ANALYSIS = YES;
				CLANG_WARN_STRICT_PROTOTYPES = YES;
				CLANG_WARN_SUSPICIOUS_MOVE = YES;
				CLANG_WARN_UNGUARDED_AVAILABILITY = YES_AGGRESSIVE;
				CLANG_WARN_UNREACHABLE_CODE = YES;
				CLANG_WARN__DUPLICATE_METHOD_MATCH = YES;
				COPY_PHASE_STRIP = NO;
				DEBUG_INFORMATION_FORMAT = dwarf;
				ENABLE_STRICT_OBJC_MSGSEND = YES;
				ENABLE_TESTABILITY = YES;
				ENABLE_USER_SCRIPT_SANDBOXING = YES;
				GCC_C_LANGUAGE_STANDARD = gnu17;
				GCC_DYNAMIC_NO_PIC = NO;
				GCC_NO_COMMON_BLOCKS = YES;
				GCC_OPTIMIZATION_LEVEL = 0;
				GCC_PREPROCESSOR_DEFINITIONS = (
					"DEBUG=1",
					"$(inherited)",
				);
				GCC_WARN_64_TO_32_BIT_CONVERSION = YES;
				GCC_WARN_ABOUT_RETURN_TYPE = YES_ERROR;
				GCC_WARN_UNDECLARED_SELECTOR = YES;
				GCC_WARN_UNINITIALIZED_AUTOS = YES_AGGRESSIVE;
				GCC_WARN_UNUSED_FUNCTION = YES;
				GCC_WARN_UNUSED_VARIABLE = YES;
				IPHONEOS_DEPLOYMENT_TARGET = 17.0;
				LOCALIZATION_PREFERS_STRING_CATALOGS = YES;
				MTL_ENABLE_DEBUG_INFO = INCLUDE_SOURCE;
				MTL_FAST_MATH = YES;
				ONLY_ACTIVE_ARCH = YES;
				SDKROOT = iphoneos;
				SWIFT_ACTIVE_COMPILATION_CONDITIONS = "DEBUG $(inherited)";
				SWIFT_OPTIMIZATION_LEVEL = "-Onone";
			};
			name = Debug;
		};
		326076FE2C46CE51004C5868 /* Release */ = {
			isa = XCBuildConfiguration;
			buildSettings = {
				ALWAYS_SEARCH_USER_PATHS = NO;
				ASSETCATALOG_COMPILER_GENERATE_SWIFT_ASSET_SYMBOL_EXTENSIONS = YES;
				CLANG_ANALYZER_NONNULL = YES;
				CLANG_ANALYZER_NUMBER_OBJECT_CONVERSION = YES_AGGRESSIVE;
				CLANG_CXX_LANGUAGE_STANDARD = "gnu++20";
				CLANG_ENABLE_MODULES = YES;
				CLANG_ENABLE_OBJC_ARC = YES;
				CLANG_ENABLE_OBJC_WEAK = YES;
				CLANG_WARN_BLOCK_CAPTURE_AUTORELEASING = YES;
				CLANG_WARN_BOOL_CONVERSION = YES;
				CLANG_WARN_COMMA = YES;
				CLANG_WARN_CONSTANT_CONVERSION = YES;
				CLANG_WARN_DEPRECATED_OBJC_IMPLEMENTATIONS = YES;
				CLANG_WARN_DIRECT_OBJC_ISA_USAGE = YES_ERROR;
				CLANG_WARN_DOCUMENTATION_COMMENTS = YES;
				CLANG_WARN_EMPTY_BODY = YES;
				CLANG_WARN_ENUM_CONVERSION = YES;
				CLANG_WARN_INFINITE_RECURSION = YES;
				CLANG_WARN_INT_CONVERSION = YES;
				CLANG_WARN_NON_LITERAL_NULL_CONVERSION = YES;
				CLANG_WARN_OBJC_IMPLICIT_RETAIN_SELF = YES;
				CLANG_WARN_OBJC_LITERAL_CONVERSION = YES;
				CLANG_WARN_OBJC_ROOT_CLASS = YES_ERROR;
				CLANG_WARN_QUOTED_INCLUDE_IN_FRAMEWORK_HEADER = YES;
				CLANG_WARN_RANGE_LOOP_ANALYSIS = YES;
				CLANG_WARN_STRICT_PROTOTYPES = YES;
				CLANG_WARN_SUSPICIOUS_MOVE = YES;
				CLANG_WARN_UNGUARDED_AVAILABILITY = YES_AGGRESSIVE;
				CLANG_WARN_UNREACHABLE_CODE = YES;
				CLANG_WARN__DUPLICATE_METHOD_MATCH = YES;
				COPY_PHASE_STRIP = NO;
				DEBUG_INFORMATION_FORMAT = "dwarf-with-dsym";
				ENABLE_NS_ASSERTIONS = NO;
				ENABLE_STRICT_OBJC_MSGSEND = YES;
				ENABLE_USER_SCRIPT_SANDBOXING = YES;
				GCC_C_LANGUAGE_STANDARD = gnu17;
				GCC_NO_COMMON_BLOCKS = YES;
				GCC_WARN_64_TO_32_BIT_CONVERSION = YES;
				GCC_WARN_ABOUT_RETURN_TYPE = YES_ERROR;
				GCC_WARN_UNDECLARED_SELECTOR = YES;
				GCC_WARN_UNINITIALIZED_AUTOS = YES_AGGRESSIVE;
				GCC_WARN_UNUSED_FUNCTION = YES;
				GCC_WARN_UNUSED_VARIABLE = YES;
				IPHONEOS_DEPLOYMENT_TARGET = 17.0;
				LOCALIZATION_PREFERS_STRING_CATALOGS = YES;
				MTL_ENABLE_DEBUG_INFO = NO;
				MTL_FAST_MATH = YES;
				SDKROOT = iphoneos;
				SWIFT_COMPILATION_MODE = wholemodule;
				VALIDATE_PRODUCT = YES;
			};
			name = Release;
		};
		326077002C46CE51004C5868 /* Debug */ = {
			isa = XCBuildConfiguration;
			buildSettings = {
				ASSETCATALOG_COMPILER_APPICON_NAME = AppIcon;
				ASSETCATALOG_COMPILER_GLOBAL_ACCENT_COLOR_NAME = AccentColor;
				CODE_SIGN_STYLE = Automatic;
				CURRENT_PROJECT_VERSION = 1;
				DEVELOPMENT_ASSET_PATHS = "\"CircleOfFifths/Preview Content\"";
				DEVELOPMENT_TEAM = 2ZL4A7F4SY;
				ENABLE_PREVIEWS = YES;
				GENERATE_INFOPLIST_FILE = YES;
				INFOPLIST_KEY_UIApplicationSceneManifest_Generation = YES;
				INFOPLIST_KEY_UIApplicationSupportsIndirectInputEvents = YES;
				INFOPLIST_KEY_UILaunchScreen_Generation = YES;
				INFOPLIST_KEY_UISupportedInterfaceOrientations_iPad = "UIInterfaceOrientationPortrait UIInterfaceOrientationPortraitUpsideDown UIInterfaceOrientationLandscapeLeft UIInterfaceOrientationLandscapeRight";
				INFOPLIST_KEY_UISupportedInterfaceOrientations_iPhone = "UIInterfaceOrientationPortrait UIInterfaceOrientationLandscapeLeft UIInterfaceOrientationLandscapeRight";
				LD_RUNPATH_SEARCH_PATHS = (
					"$(inherited)",
					"@executable_path/Frameworks",
				);
				MARKETING_VERSION = 1.0;
				PRODUCT_BUNDLE_IDENTIFIER = ru.yandex.practicum.CircleOfFifths;
				PRODUCT_NAME = "$(TARGET_NAME)";
				SWIFT_EMIT_LOC_STRINGS = YES;
				SWIFT_VERSION = 5.0;
				TARGETED_DEVICE_FAMILY = "1,2";
			};
			name = Debug;
		};
		326077012C46CE51004C5868 /* Release */ = {
			isa = XCBuildConfiguration;
			buildSettings = {
				ASSETCATALOG_COMPILER_APPICON_NAME = AppIcon;
				ASSETCATALOG_COMPILER_GLOBAL_ACCENT_COLOR_NAME = AccentColor;
				CODE_SIGN_STYLE = Automatic;
				CURRENT_PROJECT_VERSION = 1;
				DEVELOPMENT_ASSET_PATHS = "\"CircleOfFifths/Preview Content\"";
				DEVELOPMENT_TEAM = 2ZL4A7F4SY;
				ENABLE_PREVIEWS = YES;
				GENERATE_INFOPLIST_FILE = YES;
				INFOPLIST_KEY_UIApplicationSceneManifest_Generation = YES;
				INFOPLIST_KEY_UIApplicationSupportsIndirectInputEvents = YES;
				INFOPLIST_KEY_UILaunchScreen_Generation = YES;
				INFOPLIST_KEY_UISupportedInterfaceOrientations_iPad = "UIInterfaceOrientationPortrait UIInterfaceOrientationPortraitUpsideDown UIInterfaceOrientationLandscapeLeft UIInterfaceOrientationLandscapeRight";
				INFOPLIST_KEY_UISupportedInterfaceOrientations_iPhone = "UIInterfaceOrientationPortrait UIInterfaceOrientationLandscapeLeft UIInterfaceOrientationLandscapeRight";
				LD_RUNPATH_SEARCH_PATHS = (
					"$(inherited)",
					"@executable_path/Frameworks",
				);
				MARKETING_VERSION = 1.0;
				PRODUCT_BUNDLE_IDENTIFIER = ru.yandex.practicum.CircleOfFifths;
				PRODUCT_NAME = "$(TARGET_NAME)";
				SWIFT_EMIT_LOC_STRINGS = YES;
				SWIFT_VERSION = 5.0;
				TARGETED_DEVICE_FAMILY = "1,2";
			};
			name = Release;
		};
/* End XCBuildConfiguration section */

/* Begin XCConfigurationList section */
		326076EC2C46CE50004C5868 /* Build configuration list for PBXProject "CircleOfFifths" */ = {
			isa = XCConfigurationList;
			buildConfigurations = (
				326076FD2C46CE51004C5868 /* Debug */,
				326076FE2C46CE51004C5868 /* Release */,
			);
			defaultConfigurationIsVisible = 0;
			defaultConfigurationName = Release;
		};
		326076FF2C46CE51004C5868 /* Build configuration list for PBXNativeTarget "CircleOfFifths" */ = {
			isa = XCConfigurationList;
			buildConfigurations = (
				326077002C46CE51004C5868 /* Debug */,
				326077012C46CE51004C5868 /* Release */,
			);
			defaultConfigurationIsVisible = 0;
			defaultConfigurationName = Release;
		};
/* End XCConfigurationList section */

/* Begin XCRemoteSwiftPackageReference section */
		326077042C46D3AC004C5868 /* XCRemoteSwiftPackageReference "AudioKit" */ = {
			isa = XCRemoteSwiftPackageReference;
			repositoryURL = "https://github.com/AudioKit/AudioKit";
			requirement = {
				kind = upToNextMajorVersion;
				minimumVersion = 5.6.4;
			};
		};
/* End XCRemoteSwiftPackageReference section */

/* Begin XCSwiftPackageProductDependency section */
		326077052C46D3AC004C5868 /* AudioKit */ = {
			isa = XCSwiftPackageProductDependency;
			package = 326077042C46D3AC004C5868 /* XCRemoteSwiftPackageReference "AudioKit" */;
			productName = AudioKit;
		};
/* End XCSwiftPackageProductDependency section */
	};
	rootObject = 326076E92C46CE50004C5868 /* Project object */;
}
